{
  "version": 4,
  "terraform_version": "1.11.3",
  "serial": 3,
  "lineage": "d034561e-e3d2-bf3e-fe3e-65f7ca445586",
  "outputs": {},
  "resources": [
    {
      "mode": "data",
      "type": "aws_key_pair",
      "name": "existing_key",
      "provider": "provider[\"registry.terraform.io/hashicorp/aws\"]",
      "instances": [
        {
          "schema_version": 0,
          "attributes": {
            "arn": "arn:aws:ec2:eu-central-1:565393037082:key-pair/my-existing-key",
            "create_time": "2025-04-05T19:47:35Z",
            "filter": null,
            "fingerprint": "3c:96:e9:ef:2c:b0:4c:03:c7:70:f1:0d:1c:b9:f8:e8",
            "id": "key-0430ce203e89ef31d",
            "include_public_key": false,
            "key_name": "my-existing-key",
            "key_pair_id": "key-0430ce203e89ef31d",
            "key_type": "rsa",
            "public_key": "",
            "tags": {},
            "timeouts": null
          },
          "sensitive_attributes": []
        }
      ]
    },
    {
      "mode": "data",
      "type": "aws_security_group",
      "name": "existing",
      "provider": "provider[\"registry.terraform.io/hashicorp/aws\"]",
      "instances": [
        {
          "schema_version": 0,
          "attributes": {
            "arn": "arn:aws:ec2:eu-central-1:565393037082:security-group/sg-018bd4b144568b3a6",
            "description": "default VPC security group",
            "filter": null,
            "id": "sg-018bd4b144568b3a6",
            "name": "default",
            "tags": {},
            "timeouts": null,
            "vpc_id": "vpc-0c4917aa1f34c34fe"
          },
          "sensitive_attributes": []
        }
      ]
    },
    {
      "mode": "data",
      "type": "aws_subnet",
      "name": "existing",
      "provider": "provider[\"registry.terraform.io/hashicorp/aws\"]",
      "instances": [
        {
          "schema_version": 0,
          "attributes": {
            "arn": "arn:aws:ec2:eu-central-1:565393037082:subnet/subnet-0743c08c63e9707db",
            "assign_ipv6_address_on_creation": false,
            "availability_zone": "eu-central-1a",
            "availability_zone_id": "euc1-az2",
            "available_ip_address_count": 251,
            "cidr_block": "10.0.1.0/24",
            "customer_owned_ipv4_pool": "",
            "default_for_az": false,
            "enable_dns64": false,
            "enable_lni_at_device_index": 0,
            "enable_resource_name_dns_a_record_on_launch": false,
            "enable_resource_name_dns_aaaa_record_on_launch": false,
            "filter": null,
            "id": "subnet-0743c08c63e9707db",
            "ipv6_cidr_block": "",
            "ipv6_cidr_block_association_id": "",
            "ipv6_native": false,
            "map_customer_owned_ip_on_launch": false,
            "map_public_ip_on_launch": true,
            "outpost_arn": "",
            "owner_id": "565393037082",
            "private_dns_hostname_type_on_launch": "ip-name",
            "state": "available",
            "tags": {
              "Name": "SubnetA"
            },
            "timeouts": null,
            "vpc_id": "vpc-0d0b0ea1880fdf909"
          },
          "sensitive_attributes": []
        }
      ]
    },
    {
      "mode": "managed",
      "type": "aws_ebs_volume",
      "name": "web_storage",
      "provider": "provider[\"registry.terraform.io/hashicorp/aws\"]",
      "instances": [
        {
          "schema_version": 0,
          "attributes": {
            "arn": "arn:aws:ec2:eu-central-1:565393037082:volume/vol-0dec4a556d5183ae6",
            "availability_zone": "eu-central-1a",
            "create_time": "2025-04-07T18:34:56Z",
            "encrypted": false,
            "final_snapshot": false,
            "id": "vol-0dec4a556d5183ae6",
            "iops": 3000,
            "kms_key_id": "",
            "multi_attach_enabled": false,
            "outpost_arn": "",
            "size": 8,
            "snapshot_id": "",
            "tags": null,
            "tags_all": {},
            "throughput": 125,
            "timeouts": null,
            "type": "gp3"
          },
          "sensitive_attributes": [],
          "private": "eyJlMmJmYjczMC1lY2FhLTExZTYtOGY4OC0zNDM2M2JjN2M0YzAiOnsiY3JlYXRlIjozMDAwMDAwMDAwMDAsImRlbGV0ZSI6NjAwMDAwMDAwMDAwLCJ1cGRhdGUiOjMwMDAwMDAwMDAwMH19",
          "dependencies": [
            "data.aws_subnet.existing"
          ]
        }
      ]
    }
  ],
  "check_results": null
}
