{
  "version": 4,
  "terraform_version": "1.11.3",
  "serial": 8,
  "lineage": "d034561e-e3d2-bf3e-fe3e-65f7ca445586",
  "outputs": {},
  "resources": [
    {
      "mode": "data",
      "type": "aws_key_pair",
      "name": "existing_key",
      "provider": "provider[\"registry.terraform.io/hashicorp/aws\"]",
      "instances": [
        {
          "schema_version": 0,
          "attributes": {
            "arn": "arn:aws:ec2:eu-central-1:565393037082:key-pair/my-existing-key",
            "create_time": "2025-04-05T19:47:35Z",
            "filter": null,
            "fingerprint": "3c:96:e9:ef:2c:b0:4c:03:c7:70:f1:0d:1c:b9:f8:e8",
            "id": "key-0430ce203e89ef31d",
            "include_public_key": false,
            "key_name": "my-existing-key",
            "key_pair_id": "key-0430ce203e89ef31d",
            "key_type": "rsa",
            "public_key": "",
            "tags": {},
            "timeouts": null
          },
          "sensitive_attributes": []
        }
      ]
    },
    {
      "mode": "data",
      "type": "aws_security_group",
      "name": "existing",
      "provider": "provider[\"registry.terraform.io/hashicorp/aws\"]",
      "instances": [
        {
          "schema_version": 0,
          "attributes": {
            "arn": "arn:aws:ec2:eu-central-1:565393037082:security-group/sg-00f66d9d4ada3399d",
            "description": "Communication between all nodes in the cluster",
            "filter": null,
            "id": "sg-00f66d9d4ada3399d",
            "name": "eksctl-nazananas-cluster-ClusterSharedNodeSecurityGroup-vpBboSWxH74I",
            "tags": {
              "Name": "eksctl-nazananas-cluster/ClusterSharedNodeSecurityGroup",
              "alpha.eksctl.io/cluster-name": "nazananas",
              "alpha.eksctl.io/cluster-oidc-enabled": "false",
              "alpha.eksctl.io/eksctl-version": "0.205.0",
              "eksctl.cluster.k8s.io/v1alpha1/cluster-name": "nazananas"
            },
            "timeouts": null,
            "vpc_id": "vpc-0c9bf0c0722c93787"
          },
          "sensitive_attributes": []
        }
      ]
    },
    {
      "mode": "data",
      "type": "aws_subnet",
      "name": "existing",
      "provider": "provider[\"registry.terraform.io/hashicorp/aws\"]",
      "instances": [
        {
          "schema_version": 0,
          "attributes": {
            "arn": "arn:aws:ec2:eu-central-1:565393037082:subnet/subnet-0ad2242284faf2e43",
            "assign_ipv6_address_on_creation": false,
            "availability_zone": "eu-central-1b",
            "availability_zone_id": "euc1-az3",
            "available_ip_address_count": 8186,
            "cidr_block": "192.168.0.0/19",
            "customer_owned_ipv4_pool": "",
            "default_for_az": false,
            "enable_dns64": false,
            "enable_lni_at_device_index": 0,
            "enable_resource_name_dns_a_record_on_launch": false,
            "enable_resource_name_dns_aaaa_record_on_launch": false,
            "filter": null,
            "id": "subnet-0ad2242284faf2e43",
            "ipv6_cidr_block": "",
            "ipv6_cidr_block_association_id": "",
            "ipv6_native": false,
            "map_customer_owned_ip_on_launch": false,
            "map_public_ip_on_launch": true,
            "outpost_arn": "",
            "owner_id": "565393037082",
            "private_dns_hostname_type_on_launch": "ip-name",
            "state": "available",
            "tags": {
              "Name": "eksctl-nazananas-cluster/SubnetPublicEUCENTRAL1B",
              "alpha.eksctl.io/cluster-name": "nazananas",
              "alpha.eksctl.io/cluster-oidc-enabled": "false",
              "alpha.eksctl.io/eksctl-version": "0.205.0",
              "eksctl.cluster.k8s.io/v1alpha1/cluster-name": "nazananas",
              "kubernetes.io/role/elb": "1"
            },
            "timeouts": null,
            "vpc_id": "vpc-0c9bf0c0722c93787"
          },
          "sensitive_attributes": []
        }
      ]
    },
    {
      "mode": "managed",
      "type": "aws_ebs_volume",
      "name": "web_storage",
      "provider": "provider[\"registry.terraform.io/hashicorp/aws\"]",
      "instances": [
        {
          "schema_version": 0,
          "attributes": {
            "arn": "arn:aws:ec2:eu-central-1:565393037082:volume/vol-06b8b139423763ac3",
            "availability_zone": "eu-central-1b",
            "create_time": "2025-04-07T18:41:38Z",
            "encrypted": false,
            "final_snapshot": false,
            "id": "vol-06b8b139423763ac3",
            "iops": 3000,
            "kms_key_id": "",
            "multi_attach_enabled": false,
            "outpost_arn": "",
            "size": 8,
            "snapshot_id": "",
            "tags": null,
            "tags_all": {},
            "throughput": 125,
            "timeouts": null,
            "type": "gp3"
          },
          "sensitive_attributes": [],
          "private": "eyJlMmJmYjczMC1lY2FhLTExZTYtOGY4OC0zNDM2M2JjN2M0YzAiOnsiY3JlYXRlIjozMDAwMDAwMDAwMDAsImRlbGV0ZSI6NjAwMDAwMDAwMDAwLCJ1cGRhdGUiOjMwMDAwMDAwMDAwMH19",
          "dependencies": [
            "data.aws_subnet.existing"
          ]
        }
      ]
    },
    {
      "mode": "managed",
      "type": "aws_instance",
      "name": "web",
      "provider": "provider[\"registry.terraform.io/hashicorp/aws\"]",
      "instances": [
        {
          "schema_version": 1,
          "attributes": {
            "ami": "ami-0ecf75a98fe8519d7",
            "arn": "arn:aws:ec2:eu-central-1:565393037082:instance/i-0e54bab7104e1d34c",
            "associate_public_ip_address": true,
            "availability_zone": "eu-central-1b",
            "capacity_reservation_specification": [
              {
                "capacity_reservation_preference": "open",
                "capacity_reservation_target": []
              }
            ],
            "cpu_core_count": 1,
            "cpu_options": [
              {
                "amd_sev_snp": "",
                "core_count": 1,
                "threads_per_core": 1
              }
            ],
            "cpu_threads_per_core": 1,
            "credit_specification": [
              {
                "cpu_credits": "standard"
              }
            ],
            "disable_api_stop": false,
            "disable_api_termination": false,
            "ebs_block_device": [],
            "ebs_optimized": false,
            "enable_primary_ipv6": null,
            "enclave_options": [
              {
                "enabled": false
              }
            ],
            "ephemeral_block_device": [],
            "get_password_data": false,
            "hibernation": false,
            "host_id": "",
            "host_resource_group_arn": null,
            "iam_instance_profile": "",
            "id": "i-0e54bab7104e1d34c",
            "instance_initiated_shutdown_behavior": "stop",
            "instance_lifecycle": "",
            "instance_market_options": [],
            "instance_state": "running",
            "instance_type": "t2.micro",
            "ipv6_address_count": 0,
            "ipv6_addresses": [],
            "key_name": "my-existing-key",
            "launch_template": [],
            "maintenance_options": [
              {
                "auto_recovery": "default"
              }
            ],
            "metadata_options": [
              {
                "http_endpoint": "enabled",
                "http_protocol_ipv6": "disabled",
                "http_put_response_hop_limit": 2,
                "http_tokens": "required",
                "instance_metadata_tags": "disabled"
              }
            ],
            "monitoring": false,
            "network_interface": [],
            "outpost_arn": "",
            "password_data": "",
            "placement_group": "",
            "placement_partition_number": 0,
            "primary_network_interface_id": "eni-0be7c942a990a9abc",
            "private_dns": "ip-192-168-15-152.eu-central-1.compute.internal",
            "private_dns_name_options": [
              {
                "enable_resource_name_dns_a_record": false,
                "enable_resource_name_dns_aaaa_record": false,
                "hostname_type": "ip-name"
              }
            ],
            "private_ip": "192.168.15.152",
            "public_dns": "ec2-18-195-243-10.eu-central-1.compute.amazonaws.com",
            "public_ip": "18.195.243.10",
            "root_block_device": [
              {
                "delete_on_termination": true,
                "device_name": "/dev/xvda",
                "encrypted": false,
                "iops": 3000,
                "kms_key_id": "",
                "tags": {},
                "tags_all": {},
                "throughput": 125,
                "volume_id": "vol-060a5f5ec98bcd281",
                "volume_size": 8,
                "volume_type": "gp3"
              }
            ],
            "secondary_private_ips": [],
            "security_groups": [],
            "source_dest_check": true,
            "spot_instance_request_id": "",
            "subnet_id": "subnet-0ad2242284faf2e43",
            "tags": {
              "Name": "TERRAFORM EC2"
            },
            "tags_all": {
              "Name": "TERRAFORM EC2"
            },
            "tenancy": "default",
            "timeouts": null,
            "user_data": null,
            "user_data_base64": null,
            "user_data_replace_on_change": false,
            "volume_tags": null,
            "vpc_security_group_ids": [
              "sg-00f66d9d4ada3399d"
            ]
          },
          "sensitive_attributes": [],
          "private": "eyJlMmJmYjczMC1lY2FhLTExZTYtOGY4OC0zNDM2M2JjN2M0YzAiOnsiY3JlYXRlIjo2MDAwMDAwMDAwMDAsImRlbGV0ZSI6MTIwMDAwMDAwMDAwMCwicmVhZCI6OTAwMDAwMDAwMDAwLCJ1cGRhdGUiOjYwMDAwMDAwMDAwMH0sInNjaGVtYV92ZXJzaW9uIjoiMSJ9",
          "dependencies": [
            "data.aws_key_pair.existing_key",
            "data.aws_security_group.existing",
            "data.aws_subnet.existing"
          ]
        }
      ]
    },
    {
      "mode": "managed",
      "type": "aws_volume_attachment",
      "name": "ebs_att",
      "provider": "provider[\"registry.terraform.io/hashicorp/aws\"]",
      "instances": [
        {
          "schema_version": 0,
          "attributes": {
            "device_name": "/dev/sdh",
            "force_detach": null,
            "id": "vai-4006146573",
            "instance_id": "i-0e54bab7104e1d34c",
            "skip_destroy": null,
            "stop_instance_before_detaching": null,
            "timeouts": null,
            "volume_id": "vol-06b8b139423763ac3"
          },
          "sensitive_attributes": [],
          "private": "eyJlMmJmYjczMC1lY2FhLTExZTYtOGY4OC0zNDM2M2JjN2M0YzAiOnsiY3JlYXRlIjozMDAwMDAwMDAwMDAsImRlbGV0ZSI6MzAwMDAwMDAwMDAwfX0=",
          "dependencies": [
            "aws_ebs_volume.web_storage",
            "aws_instance.web",
            "data.aws_key_pair.existing_key",
            "data.aws_security_group.existing",
            "data.aws_subnet.existing"
          ]
        }
      ]
    }
  ],
  "check_results": null
}
